// !$*UTF8*$!
{
	archiveVersion = 1;
	classes = {
	};
	objectVersion = 55;
	objects = {

/* Begin PBXBuildFile section */
		04281FF62899BD7F00026382 /* gars_ios.framework in Frameworks */ = {isa = PBXBuildFile; fileRef = 04281FED2899BD7F00026382 /* gars_ios.framework */; };
		04281FFC2899BD7F00026382 /* gars_ios.h in Headers */ = {isa = PBXBuildFile; fileRef = 04281FF02899BD7F00026382 /* gars_ios.h */; settings = {ATTRIBUTES = (Public, ); }; };
		0428203428A28C4800026382 /* GARSConstants.swift in Sources */ = {isa = PBXBuildFile; fileRef = 0428203328A28C4800026382 /* GARSConstants.swift */; };
		0428203728A298A600026382 /* GridLine.swift in Sources */ = {isa = PBXBuildFile; fileRef = 0428203628A298A600026382 /* GridLine.swift */; };
		04F520EC28A2BFD3004C6D8C /* GridType.swift in Sources */ = {isa = PBXBuildFile; fileRef = 04F520EB28A2BFD3004C6D8C /* GridType.swift */; };
		04F520EF28A2F015004C6D8C /* GARSProperties.swift in Sources */ = {isa = PBXBuildFile; fileRef = 04F520EE28A2F015004C6D8C /* GARSProperties.swift */; };
		04F520F128A2F4FA004C6D8C /* gars.plist in Resources */ = {isa = PBXBuildFile; fileRef = 04F520F028A2F4FA004C6D8C /* gars.plist */; };
		04F520F328A2FDC0004C6D8C /* BandNumberRange.swift in Sources */ = {isa = PBXBuildFile; fileRef = 04F520F228A2FDC0004C6D8C /* BandNumberRange.swift */; };
		04F520F528A3C48E004C6D8C /* GARSUtils.swift in Sources */ = {isa = PBXBuildFile; fileRef = 04F520F428A3C48E004C6D8C /* GARSUtils.swift */; };
		04F520F728A3CB72004C6D8C /* BandLettersRange.swift in Sources */ = {isa = PBXBuildFile; fileRef = 04F520F628A3CB72004C6D8C /* BandLettersRange.swift */; };
		04F520F928A3EE12004C6D8C /* GridRange.swift in Sources */ = {isa = PBXBuildFile; fileRef = 04F520F828A3EE12004C6D8C /* GridRange.swift */; };
		04F520FB28A42A05004C6D8C /* GARS.swift in Sources */ = {isa = PBXBuildFile; fileRef = 04F520FA28A42A05004C6D8C /* GARS.swift */; };
		04F520FD28A44B51004C6D8C /* ZoomGrids.swift in Sources */ = {isa = PBXBuildFile; fileRef = 04F520FC28A44B51004C6D8C /* ZoomGrids.swift */; };
		04F520FF28A44D33004C6D8C /* GridLabel.swift in Sources */ = {isa = PBXBuildFile; fileRef = 04F520FE28A44D33004C6D8C /* GridLabel.swift */; };
		04F5210128A44E5A004C6D8C /* GARSLabeler.swift in Sources */ = {isa = PBXBuildFile; fileRef = 04F5210028A44E5A004C6D8C /* GARSLabeler.swift */; };
		04F5210328A44EAB004C6D8C /* GridLabeler.swift in Sources */ = {isa = PBXBuildFile; fileRef = 04F5210228A44EAB004C6D8C /* GridLabeler.swift */; };
		04F5210528A44F27004C6D8C /* Grids.swift in Sources */ = {isa = PBXBuildFile; fileRef = 04F5210428A44F27004C6D8C /* Grids.swift */; };
		04F5210728A44F61004C6D8C /* Grid.swift in Sources */ = {isa = PBXBuildFile; fileRef = 04F5210628A44F61004C6D8C /* Grid.swift */; };
		04F5210B28A53150004C6D8C /* GARSTestCase.swift in Sources */ = {isa = PBXBuildFile; fileRef = 04F5210A28A53150004C6D8C /* GARSTestCase.swift */; };
		3E31C5C3A1BED7E561A734E9 /* Pods_gars_ios.framework in Frameworks */ = {isa = PBXBuildFile; fileRef = 119573E9C3501EC325BEC3E4 /* Pods_gars_ios.framework */; };
		C711E585DD24F5A13CA3528A /* Pods_gars_ios_gars_iosTests.framework in Frameworks */ = {isa = PBXBuildFile; fileRef = 68849929730CAFC68EFDCDAE /* Pods_gars_ios_gars_iosTests.framework */; };
/* End PBXBuildFile section */

/* Begin PBXContainerItemProxy section */
		04281FF72899BD7F00026382 /* PBXContainerItemProxy */ = {
			isa = PBXContainerItemProxy;
			containerPortal = 04281FE42899BD7F00026382 /* Project object */;
			proxyType = 1;
			remoteGlobalIDString = 04281FEC2899BD7F00026382;
			remoteInfo = "gars-ios";
		};
/* End PBXContainerItemProxy section */

/* Begin PBXFileReference section */
		04281FED2899BD7F00026382 /* gars_ios.framework */ = {isa = PBXFileReference; explicitFileType = wrapper.framework; includeInIndex = 0; path = gars_ios.framework; sourceTree = BUILT_PRODUCTS_DIR; };
		04281FF02899BD7F00026382 /* gars_ios.h */ = {isa = PBXFileReference; lastKnownFileType = sourcecode.c.h; path = gars_ios.h; sourceTree = "<group>"; };
		04281FF52899BD7F00026382 /* gars-iosTests.xctest */ = {isa = PBXFileReference; explicitFileType = wrapper.cfbundle; includeInIndex = 0; path = "gars-iosTests.xctest"; sourceTree = BUILT_PRODUCTS_DIR; };
		0428203328A28C4800026382 /* GARSConstants.swift */ = {isa = PBXFileReference; lastKnownFileType = sourcecode.swift; path = GARSConstants.swift; sourceTree = "<group>"; };
		0428203628A298A600026382 /* GridLine.swift */ = {isa = PBXFileReference; lastKnownFileType = sourcecode.swift; path = GridLine.swift; sourceTree = "<group>"; };
		04F520EB28A2BFD3004C6D8C /* GridType.swift */ = {isa = PBXFileReference; lastKnownFileType = sourcecode.swift; path = GridType.swift; sourceTree = "<group>"; };
		04F520EE28A2F015004C6D8C /* GARSProperties.swift */ = {isa = PBXFileReference; lastKnownFileType = sourcecode.swift; path = GARSProperties.swift; sourceTree = "<group>"; };
		04F520F028A2F4FA004C6D8C /* gars.plist */ = {isa = PBXFileReference; lastKnownFileType = text.plist.xml; path = gars.plist; sourceTree = "<group>"; };
		04F520F228A2FDC0004C6D8C /* BandNumberRange.swift */ = {isa = PBXFileReference; lastKnownFileType = sourcecode.swift; path = BandNumberRange.swift; sourceTree = "<group>"; };
		04F520F428A3C48E004C6D8C /* GARSUtils.swift */ = {isa = PBXFileReference; lastKnownFileType = sourcecode.swift; path = GARSUtils.swift; sourceTree = "<group>"; };
		04F520F628A3CB72004C6D8C /* BandLettersRange.swift */ = {isa = PBXFileReference; lastKnownFileType = sourcecode.swift; path = BandLettersRange.swift; sourceTree = "<group>"; };
		04F520F828A3EE12004C6D8C /* GridRange.swift */ = {isa = PBXFileReference; lastKnownFileType = sourcecode.swift; path = GridRange.swift; sourceTree = "<group>"; };
		04F520FA28A42A05004C6D8C /* GARS.swift */ = {isa = PBXFileReference; lastKnownFileType = sourcecode.swift; path = GARS.swift; sourceTree = "<group>"; };
		04F520FC28A44B51004C6D8C /* ZoomGrids.swift */ = {isa = PBXFileReference; lastKnownFileType = sourcecode.swift; path = ZoomGrids.swift; sourceTree = "<group>"; };
		04F520FE28A44D33004C6D8C /* GridLabel.swift */ = {isa = PBXFileReference; lastKnownFileType = sourcecode.swift; path = GridLabel.swift; sourceTree = "<group>"; };
		04F5210028A44E5A004C6D8C /* GARSLabeler.swift */ = {isa = PBXFileReference; lastKnownFileType = sourcecode.swift; path = GARSLabeler.swift; sourceTree = "<group>"; };
		04F5210228A44EAB004C6D8C /* GridLabeler.swift */ = {isa = PBXFileReference; lastKnownFileType = sourcecode.swift; path = GridLabeler.swift; sourceTree = "<group>"; };
		04F5210428A44F27004C6D8C /* Grids.swift */ = {isa = PBXFileReference; lastKnownFileType = sourcecode.swift; path = Grids.swift; sourceTree = "<group>"; };
		04F5210628A44F61004C6D8C /* Grid.swift */ = {isa = PBXFileReference; lastKnownFileType = sourcecode.swift; path = Grid.swift; sourceTree = "<group>"; };
		04F5210A28A53150004C6D8C /* GARSTestCase.swift */ = {isa = PBXFileReference; lastKnownFileType = sourcecode.swift; name = GARSTestCase.swift; path = "gars-ios/grid/GARSTestCase.swift"; sourceTree = SOURCE_ROOT; };
		119573E9C3501EC325BEC3E4 /* Pods_gars_ios.framework */ = {isa = PBXFileReference; explicitFileType = wrapper.framework; includeInIndex = 0; path = Pods_gars_ios.framework; sourceTree = BUILT_PRODUCTS_DIR; };
		3295100FC695C71079321C28 /* Pods-gars-ios.release.xcconfig */ = {isa = PBXFileReference; includeInIndex = 1; lastKnownFileType = text.xcconfig; name = "Pods-gars-ios.release.xcconfig"; path = "Target Support Files/Pods-gars-ios/Pods-gars-ios.release.xcconfig"; sourceTree = "<group>"; };
		43F6D866DB2D2299E81BE1D4 /* Pods-gars-ios-gars-iosTests.debug.xcconfig */ = {isa = PBXFileReference; includeInIndex = 1; lastKnownFileType = text.xcconfig; name = "Pods-gars-ios-gars-iosTests.debug.xcconfig"; path = "Target Support Files/Pods-gars-ios-gars-iosTests/Pods-gars-ios-gars-iosTests.debug.xcconfig"; sourceTree = "<group>"; };
		449E8DB981E6CC3061EE3115 /* Pods-gars-iosTests.release.xcconfig */ = {isa = PBXFileReference; includeInIndex = 1; lastKnownFileType = text.xcconfig; name = "Pods-gars-iosTests.release.xcconfig"; path = "Target Support Files/Pods-gars-iosTests/Pods-gars-iosTests.release.xcconfig"; sourceTree = "<group>"; };
		4E9E5249E3C73D594F06BCAF /* Pods-gars-ios-gars-iosTests.release.xcconfig */ = {isa = PBXFileReference; includeInIndex = 1; lastKnownFileType = text.xcconfig; name = "Pods-gars-ios-gars-iosTests.release.xcconfig"; path = "Target Support Files/Pods-gars-ios-gars-iosTests/Pods-gars-ios-gars-iosTests.release.xcconfig"; sourceTree = "<group>"; };
		68849929730CAFC68EFDCDAE /* Pods_gars_ios_gars_iosTests.framework */ = {isa = PBXFileReference; explicitFileType = wrapper.framework; includeInIndex = 0; path = Pods_gars_ios_gars_iosTests.framework; sourceTree = BUILT_PRODUCTS_DIR; };
		92880B6C95E606EF80A8E4FC /* Pods-gars-iosTests.debug.xcconfig */ = {isa = PBXFileReference; includeInIndex = 1; lastKnownFileType = text.xcconfig; name = "Pods-gars-iosTests.debug.xcconfig"; path = "Target Support Files/Pods-gars-iosTests/Pods-gars-iosTests.debug.xcconfig"; sourceTree = "<group>"; };
		E851D60405F0F6192D5968E0 /* Pods-gars-ios.debug.xcconfig */ = {isa = PBXFileReference; includeInIndex = 1; lastKnownFileType = text.xcconfig; name = "Pods-gars-ios.debug.xcconfig"; path = "Target Support Files/Pods-gars-ios/Pods-gars-ios.debug.xcconfig"; sourceTree = "<group>"; };
/* End PBXFileReference section */

/* Begin PBXFrameworksBuildPhase section */
		04281FEA2899BD7F00026382 /* Frameworks */ = {
			isa = PBXFrameworksBuildPhase;
			buildActionMask = 2147483647;
			files = (
				3E31C5C3A1BED7E561A734E9 /* Pods_gars_ios.framework in Frameworks */,
			);
			runOnlyForDeploymentPostprocessing = 0;
		};
		04281FF22899BD7F00026382 /* Frameworks */ = {
			isa = PBXFrameworksBuildPhase;
			buildActionMask = 2147483647;
			files = (
				04281FF62899BD7F00026382 /* gars_ios.framework in Frameworks */,
				C711E585DD24F5A13CA3528A /* Pods_gars_ios_gars_iosTests.framework in Frameworks */,
			);
			runOnlyForDeploymentPostprocessing = 0;
		};
/* End PBXFrameworksBuildPhase section */

/* Begin PBXGroup section */
		04281FE32899BD7F00026382 = {
			isa = PBXGroup;
			children = (
				04281FEF2899BD7F00026382 /* gars-ios */,
				04281FF92899BD7F00026382 /* gars-iosTests */,
				04281FEE2899BD7F00026382 /* Products */,
				893E1AC857AF11139CB60595 /* Pods */,
				6F74DC420EB3232760614D11 /* Frameworks */,
			);
			sourceTree = "<group>";
		};
		04281FEE2899BD7F00026382 /* Products */ = {
			isa = PBXGroup;
			children = (
				04281FED2899BD7F00026382 /* gars_ios.framework */,
				04281FF52899BD7F00026382 /* gars-iosTests.xctest */,
			);
			name = Products;
			sourceTree = "<group>";
		};
		04281FEF2899BD7F00026382 /* gars-ios */ = {
			isa = PBXGroup;
			children = (
				04281FF02899BD7F00026382 /* gars_ios.h */,
				04F520FA28A42A05004C6D8C /* GARS.swift */,
				0428203328A28C4800026382 /* GARSConstants.swift */,
				04F520F428A3C48E004C6D8C /* GARSUtils.swift */,
				0428203528A2988F00026382 /* features */,
				04F520EA28A2BFB4004C6D8C /* grid */,
				04F520ED28A2EFC3004C6D8C /* property */,
				04F520F028A2F4FA004C6D8C /* gars.plist */,
			);
			path = "gars-ios";
			sourceTree = "<group>";
		};
		04281FF92899BD7F00026382 /* gars-iosTests */ = {
			isa = PBXGroup;
			children = (
				04F5210A28A53150004C6D8C /* GARSTestCase.swift */,
			);
			path = "gars-iosTests";
			sourceTree = "<group>";
		};
		0428203528A2988F00026382 /* features */ = {
			isa = PBXGroup;
			children = (
				0428203628A298A600026382 /* GridLine.swift */,
			);
			path = features;
			sourceTree = "<group>";
		};
		04F520EA28A2BFB4004C6D8C /* grid */ = {
			isa = PBXGroup;
			children = (
				04F520F628A3CB72004C6D8C /* BandLettersRange.swift */,
				04F520F228A2FDC0004C6D8C /* BandNumberRange.swift */,
				04F5210028A44E5A004C6D8C /* GARSLabeler.swift */,
				04F5210628A44F61004C6D8C /* Grid.swift */,
				04F520FE28A44D33004C6D8C /* GridLabel.swift */,
				04F5210228A44EAB004C6D8C /* GridLabeler.swift */,
				04F520F828A3EE12004C6D8C /* GridRange.swift */,
				04F5210428A44F27004C6D8C /* Grids.swift */,
				04F520EB28A2BFD3004C6D8C /* GridType.swift */,
				04F520FC28A44B51004C6D8C /* ZoomGrids.swift */,
			);
			path = grid;
			sourceTree = "<group>";
		};
		04F520ED28A2EFC3004C6D8C /* property */ = {
			isa = PBXGroup;
			children = (
				04F520EE28A2F015004C6D8C /* GARSProperties.swift */,
			);
			path = property;
			sourceTree = "<group>";
		};
		6F74DC420EB3232760614D11 /* Frameworks */ = {
			isa = PBXGroup;
			children = (
				119573E9C3501EC325BEC3E4 /* Pods_gars_ios.framework */,
				68849929730CAFC68EFDCDAE /* Pods_gars_ios_gars_iosTests.framework */,
			);
			name = Frameworks;
			sourceTree = "<group>";
		};
		893E1AC857AF11139CB60595 /* Pods */ = {
			isa = PBXGroup;
			children = (
				E851D60405F0F6192D5968E0 /* Pods-gars-ios.debug.xcconfig */,
				3295100FC695C71079321C28 /* Pods-gars-ios.release.xcconfig */,
				43F6D866DB2D2299E81BE1D4 /* Pods-gars-ios-gars-iosTests.debug.xcconfig */,
				4E9E5249E3C73D594F06BCAF /* Pods-gars-ios-gars-iosTests.release.xcconfig */,
				92880B6C95E606EF80A8E4FC /* Pods-gars-iosTests.debug.xcconfig */,
				449E8DB981E6CC3061EE3115 /* Pods-gars-iosTests.release.xcconfig */,
			);
			path = Pods;
			sourceTree = "<group>";
		};
/* End PBXGroup section */

/* Begin PBXHeadersBuildPhase section */
		04281FE82899BD7F00026382 /* Headers */ = {
			isa = PBXHeadersBuildPhase;
			buildActionMask = 2147483647;
			files = (
				04281FFC2899BD7F00026382 /* gars_ios.h in Headers */,
			);
			runOnlyForDeploymentPostprocessing = 0;
		};
/* End PBXHeadersBuildPhase section */

/* Begin PBXNativeTarget section */
		04281FEC2899BD7F00026382 /* gars-ios */ = {
			isa = PBXNativeTarget;
			buildConfigurationList = 04281FFF2899BD7F00026382 /* Build configuration list for PBXNativeTarget "gars-ios" */;
			buildPhases = (
				B993E02F2C99A4D637D2A1D2 /* [CP] Check Pods Manifest.lock */,
				04281FE82899BD7F00026382 /* Headers */,
				04281FE92899BD7F00026382 /* Sources */,
				04281FEA2899BD7F00026382 /* Frameworks */,
				04281FEB2899BD7F00026382 /* Resources */,
			);
			buildRules = (
			);
			dependencies = (
			);
			name = "gars-ios";
			productName = "gars-ios";
			productReference = 04281FED2899BD7F00026382 /* gars_ios.framework */;
			productType = "com.apple.product-type.framework";
		};
		04281FF42899BD7F00026382 /* gars-iosTests */ = {
			isa = PBXNativeTarget;
			buildConfigurationList = 042820022899BD7F00026382 /* Build configuration list for PBXNativeTarget "gars-iosTests" */;
			buildPhases = (
				321F54B66A477D58A760C00E /* [CP] Check Pods Manifest.lock */,
				04281FF12899BD7F00026382 /* Sources */,
				04281FF22899BD7F00026382 /* Frameworks */,
				04281FF32899BD7F00026382 /* Resources */,
				BCAE3C0A4C5A4D2D98CF5CD1 /* [CP] Embed Pods Frameworks */,
			);
			buildRules = (
			);
			dependencies = (
				04281FF82899BD7F00026382 /* PBXTargetDependency */,
			);
			name = "gars-iosTests";
			productName = "gars-iosTests";
			productReference = 04281FF52899BD7F00026382 /* gars-iosTests.xctest */;
			productType = "com.apple.product-type.bundle.unit-test";
		};
/* End PBXNativeTarget section */

/* Begin PBXProject section */
		04281FE42899BD7F00026382 /* Project object */ = {
			isa = PBXProject;
			attributes = {
				BuildIndependentTargetsInParallel = 1;
				LastSwiftUpdateCheck = 1340;
				LastUpgradeCheck = 1340;
				TargetAttributes = {
					04281FEC2899BD7F00026382 = {
						CreatedOnToolsVersion = 13.4.1;
						LastSwiftMigration = 1340;
					};
					04281FF42899BD7F00026382 = {
						CreatedOnToolsVersion = 13.4.1;
						LastSwiftMigration = 1340;
					};
				};
			};
			buildConfigurationList = 04281FE72899BD7F00026382 /* Build configuration list for PBXProject "gars-ios" */;
			compatibilityVersion = "Xcode 13.0";
			developmentRegion = en;
			hasScannedForEncodings = 0;
			knownRegions = (
				en,
				Base,
			);
			mainGroup = 04281FE32899BD7F00026382;
			productRefGroup = 04281FEE2899BD7F00026382 /* Products */;
			projectDirPath = "";
			projectRoot = "";
			targets = (
				04281FEC2899BD7F00026382 /* gars-ios */,
				04281FF42899BD7F00026382 /* gars-iosTests */,
			);
		};
/* End PBXProject section */

/* Begin PBXResourcesBuildPhase section */
		04281FEB2899BD7F00026382 /* Resources */ = {
			isa = PBXResourcesBuildPhase;
			buildActionMask = 2147483647;
			files = (
				04F520F128A2F4FA004C6D8C /* gars.plist in Resources */,
			);
			runOnlyForDeploymentPostprocessing = 0;
		};
		04281FF32899BD7F00026382 /* Resources */ = {
			isa = PBXResourcesBuildPhase;
			buildActionMask = 2147483647;
			files = (
			);
			runOnlyForDeploymentPostprocessing = 0;
		};
/* End PBXResourcesBuildPhase section */

/* Begin PBXShellScriptBuildPhase section */
		321F54B66A477D58A760C00E /* [CP] Check Pods Manifest.lock */ = {
			isa = PBXShellScriptBuildPhase;
			buildActionMask = 2147483647;
			files = (
			);
			inputFileListPaths = (
			);
			inputPaths = (
				"${PODS_PODFILE_DIR_PATH}/Podfile.lock",
				"${PODS_ROOT}/Manifest.lock",
			);
			name = "[CP] Check Pods Manifest.lock";
			outputFileListPaths = (
			);
			outputPaths = (
				"$(DERIVED_FILE_DIR)/Pods-gars-ios-gars-iosTests-checkManifestLockResult.txt",
			);
			runOnlyForDeploymentPostprocessing = 0;
			shellPath = /bin/sh;
			shellScript = "diff \"${PODS_PODFILE_DIR_PATH}/Podfile.lock\" \"${PODS_ROOT}/Manifest.lock\" > /dev/null\nif [ $? != 0 ] ; then\n    # print error to STDERR\n    echo \"error: The sandbox is not in sync with the Podfile.lock. Run 'pod install' or update your CocoaPods installation.\" >&2\n    exit 1\nfi\n# This output is used by Xcode 'outputs' to avoid re-running this script phase.\necho \"SUCCESS\" > \"${SCRIPT_OUTPUT_FILE_0}\"\n";
			showEnvVarsInLog = 0;
		};
		B993E02F2C99A4D637D2A1D2 /* [CP] Check Pods Manifest.lock */ = {
			isa = PBXShellScriptBuildPhase;
			buildActionMask = 2147483647;
			files = (
			);
			inputFileListPaths = (
			);
			inputPaths = (
				"${PODS_PODFILE_DIR_PATH}/Podfile.lock",
				"${PODS_ROOT}/Manifest.lock",
			);
			name = "[CP] Check Pods Manifest.lock";
			outputFileListPaths = (
			);
			outputPaths = (
				"$(DERIVED_FILE_DIR)/Pods-gars-ios-checkManifestLockResult.txt",
			);
			runOnlyForDeploymentPostprocessing = 0;
			shellPath = /bin/sh;
			shellScript = "diff \"${PODS_PODFILE_DIR_PATH}/Podfile.lock\" \"${PODS_ROOT}/Manifest.lock\" > /dev/null\nif [ $? != 0 ] ; then\n    # print error to STDERR\n    echo \"error: The sandbox is not in sync with the Podfile.lock. Run 'pod install' or update your CocoaPods installation.\" >&2\n    exit 1\nfi\n# This output is used by Xcode 'outputs' to avoid re-running this script phase.\necho \"SUCCESS\" > \"${SCRIPT_OUTPUT_FILE_0}\"\n";
			showEnvVarsInLog = 0;
		};
		BCAE3C0A4C5A4D2D98CF5CD1 /* [CP] Embed Pods Frameworks */ = {
			isa = PBXShellScriptBuildPhase;
			buildActionMask = 2147483647;
			files = (
			);
			inputFileListPaths = (
				"${PODS_ROOT}/Target Support Files/Pods-gars-ios-gars-iosTests/Pods-gars-ios-gars-iosTests-frameworks-${CONFIGURATION}-input-files.xcfilelist",
			);
			name = "[CP] Embed Pods Frameworks";
			outputFileListPaths = (
				"${PODS_ROOT}/Target Support Files/Pods-gars-ios-gars-iosTests/Pods-gars-ios-gars-iosTests-frameworks-${CONFIGURATION}-output-files.xcfilelist",
			);
			runOnlyForDeploymentPostprocessing = 0;
			shellPath = /bin/sh;
			shellScript = "\"${PODS_ROOT}/Target Support Files/Pods-gars-ios-gars-iosTests/Pods-gars-ios-gars-iosTests-frameworks.sh\"\n";
			showEnvVarsInLog = 0;
		};
/* End PBXShellScriptBuildPhase section */

/* Begin PBXSourcesBuildPhase section */
		04281FE92899BD7F00026382 /* Sources */ = {
			isa = PBXSourcesBuildPhase;
			buildActionMask = 2147483647;
			files = (
				04F520FD28A44B51004C6D8C /* ZoomGrids.swift in Sources */,
				04F520EC28A2BFD3004C6D8C /* GridType.swift in Sources */,
				04F520EF28A2F015004C6D8C /* GARSProperties.swift in Sources */,
				04F5210328A44EAB004C6D8C /* GridLabeler.swift in Sources */,
				04F520F528A3C48E004C6D8C /* GARSUtils.swift in Sources */,
				0428203428A28C4800026382 /* GARSConstants.swift in Sources */,
				04F520FB28A42A05004C6D8C /* GARS.swift in Sources */,
				04F520FF28A44D33004C6D8C /* GridLabel.swift in Sources */,
				04F5210728A44F61004C6D8C /* Grid.swift in Sources */,
				04F520F328A2FDC0004C6D8C /* BandNumberRange.swift in Sources */,
				04F5210128A44E5A004C6D8C /* GARSLabeler.swift in Sources */,
				04F520F928A3EE12004C6D8C /* GridRange.swift in Sources */,
				04F520F728A3CB72004C6D8C /* BandLettersRange.swift in Sources */,
				0428203728A298A600026382 /* GridLine.swift in Sources */,
				04F5210528A44F27004C6D8C /* Grids.swift in Sources */,
			);
			runOnlyForDeploymentPostprocessing = 0;
		};
		04281FF12899BD7F00026382 /* Sources */ = {
			isa = PBXSourcesBuildPhase;
			buildActionMask = 2147483647;
			files = (
				04F5210B28A53150004C6D8C /* GARSTestCase.swift in Sources */,
			);
			runOnlyForDeploymentPostprocessing = 0;
		};
/* End PBXSourcesBuildPhase section */

/* Begin PBXTargetDependency section */
		04281FF82899BD7F00026382 /* PBXTargetDependency */ = {
			isa = PBXTargetDependency;
			target = 04281FEC2899BD7F00026382 /* gars-ios */;
			targetProxy = 04281FF72899BD7F00026382 /* PBXContainerItemProxy */;
		};
/* End PBXTargetDependency section */

/* Begin XCBuildConfiguration section */
		04281FFD2899BD7F00026382 /* Debug */ = {
			isa = XCBuildConfiguration;
			buildSettings = {
				ALWAYS_SEARCH_USER_PATHS = NO;
				CLANG_ANALYZER_NONNULL = YES;
				CLANG_ANALYZER_NUMBER_OBJECT_CONVERSION = YES_AGGRESSIVE;
				CLANG_CXX_LANGUAGE_STANDARD = "gnu++17";
				CLANG_ENABLE_MODULES = YES;
				CLANG_ENABLE_OBJC_ARC = YES;
				CLANG_ENABLE_OBJC_WEAK = YES;
				CLANG_WARN_BLOCK_CAPTURE_AUTORELEASING = YES;
				CLANG_WARN_BOOL_CONVERSION = YES;
				CLANG_WARN_COMMA = YES;
				CLANG_WARN_CONSTANT_CONVERSION = YES;
				CLANG_WARN_DEPRECATED_OBJC_IMPLEMENTATIONS = YES;
				CLANG_WARN_DIRECT_OBJC_ISA_USAGE = YES_ERROR;
				CLANG_WARN_DOCUMENTATION_COMMENTS = YES;
				CLANG_WARN_EMPTY_BODY = YES;
				CLANG_WARN_ENUM_CONVERSION = YES;
				CLANG_WARN_INFINITE_RECURSION = YES;
				CLANG_WARN_INT_CONVERSION = YES;
				CLANG_WARN_NON_LITERAL_NULL_CONVERSION = YES;
				CLANG_WARN_OBJC_IMPLICIT_RETAIN_SELF = YES;
				CLANG_WARN_OBJC_LITERAL_CONVERSION = YES;
				CLANG_WARN_OBJC_ROOT_CLASS = YES_ERROR;
				CLANG_WARN_QUOTED_INCLUDE_IN_FRAMEWORK_HEADER = YES;
				CLANG_WARN_RANGE_LOOP_ANALYSIS = YES;
				CLANG_WARN_STRICT_PROTOTYPES = YES;
				CLANG_WARN_SUSPICIOUS_MOVE = YES;
				CLANG_WARN_UNGUARDED_AVAILABILITY = YES_AGGRESSIVE;
				CLANG_WARN_UNREACHABLE_CODE = YES;
				CLANG_WARN__DUPLICATE_METHOD_MATCH = YES;
				COPY_PHASE_STRIP = NO;
				CURRENT_PROJECT_VERSION = 1;
				DEBUG_INFORMATION_FORMAT = dwarf;
				ENABLE_STRICT_OBJC_MSGSEND = YES;
				ENABLE_TESTABILITY = YES;
				GCC_C_LANGUAGE_STANDARD = gnu11;
				GCC_DYNAMIC_NO_PIC = NO;
				GCC_NO_COMMON_BLOCKS = YES;
				GCC_OPTIMIZATION_LEVEL = 0;
				GCC_PREPROCESSOR_DEFINITIONS = (
					"DEBUG=1",
					"$(inherited)",
				);
				GCC_WARN_64_TO_32_BIT_CONVERSION = YES;
				GCC_WARN_ABOUT_RETURN_TYPE = YES_ERROR;
				GCC_WARN_UNDECLARED_SELECTOR = YES;
				GCC_WARN_UNINITIALIZED_AUTOS = YES_AGGRESSIVE;
				GCC_WARN_UNUSED_FUNCTION = YES;
				GCC_WARN_UNUSED_VARIABLE = YES;
				IPHONEOS_DEPLOYMENT_TARGET = 12.0;
				MTL_ENABLE_DEBUG_INFO = INCLUDE_SOURCE;
				MTL_FAST_MATH = YES;
				ONLY_ACTIVE_ARCH = YES;
				SDKROOT = iphoneos;
				SWIFT_ACTIVE_COMPILATION_CONDITIONS = DEBUG;
				SWIFT_OPTIMIZATION_LEVEL = "-Onone";
				VERSIONING_SYSTEM = "apple-generic";
				VERSION_INFO_PREFIX = "";
			};
			name = Debug;
		};
		04281FFE2899BD7F00026382 /* Release */ = {
			isa = XCBuildConfiguration;
			buildSettings = {
				ALWAYS_SEARCH_USER_PATHS = NO;
				CLANG_ANALYZER_NONNULL = YES;
				CLANG_ANALYZER_NUMBER_OBJECT_CONVERSION = YES_AGGRESSIVE;
				CLANG_CXX_LANGUAGE_STANDARD = "gnu++17";
				CLANG_ENABLE_MODULES = YES;
				CLANG_ENABLE_OBJC_ARC = YES;
				CLANG_ENABLE_OBJC_WEAK = YES;
				CLANG_WARN_BLOCK_CAPTURE_AUTORELEASING = YES;
				CLANG_WARN_BOOL_CONVERSION = YES;
				CLANG_WARN_COMMA = YES;
				CLANG_WARN_CONSTANT_CONVERSION = YES;
				CLANG_WARN_DEPRECATED_OBJC_IMPLEMENTATIONS = YES;
				CLANG_WARN_DIRECT_OBJC_ISA_USAGE = YES_ERROR;
				CLANG_WARN_DOCUMENTATION_COMMENTS = YES;
				CLANG_WARN_EMPTY_BODY = YES;
				CLANG_WARN_ENUM_CONVERSION = YES;
				CLANG_WARN_INFINITE_RECURSION = YES;
				CLANG_WARN_INT_CONVERSION = YES;
				CLANG_WARN_NON_LITERAL_NULL_CONVERSION = YES;
				CLANG_WARN_OBJC_IMPLICIT_RETAIN_SELF = YES;
				CLANG_WARN_OBJC_LITERAL_CONVERSION = YES;
				CLANG_WARN_OBJC_ROOT_CLASS = YES_ERROR;
				CLANG_WARN_QUOTED_INCLUDE_IN_FRAMEWORK_HEADER = YES;
				CLANG_WARN_RANGE_LOOP_ANALYSIS = YES;
				CLANG_WARN_STRICT_PROTOTYPES = YES;
				CLANG_WARN_SUSPICIOUS_MOVE = YES;
				CLANG_WARN_UNGUARDED_AVAILABILITY = YES_AGGRESSIVE;
				CLANG_WARN_UNREACHABLE_CODE = YES;
				CLANG_WARN__DUPLICATE_METHOD_MATCH = YES;
				COPY_PHASE_STRIP = NO;
				CURRENT_PROJECT_VERSION = 1;
				DEBUG_INFORMATION_FORMAT = "dwarf-with-dsym";
				ENABLE_NS_ASSERTIONS = NO;
				ENABLE_STRICT_OBJC_MSGSEND = YES;
				GCC_C_LANGUAGE_STANDARD = gnu11;
				GCC_NO_COMMON_BLOCKS = YES;
				GCC_WARN_64_TO_32_BIT_CONVERSION = YES;
				GCC_WARN_ABOUT_RETURN_TYPE = YES_ERROR;
				GCC_WARN_UNDECLARED_SELECTOR = YES;
				GCC_WARN_UNINITIALIZED_AUTOS = YES_AGGRESSIVE;
				GCC_WARN_UNUSED_FUNCTION = YES;
				GCC_WARN_UNUSED_VARIABLE = YES;
				IPHONEOS_DEPLOYMENT_TARGET = 12.0;
				MTL_ENABLE_DEBUG_INFO = NO;
				MTL_FAST_MATH = YES;
				SDKROOT = iphoneos;
				SWIFT_COMPILATION_MODE = wholemodule;
				SWIFT_OPTIMIZATION_LEVEL = "-O";
				VALIDATE_PRODUCT = YES;
				VERSIONING_SYSTEM = "apple-generic";
				VERSION_INFO_PREFIX = "";
			};
			name = Release;
		};
		042820002899BD7F00026382 /* Debug */ = {
			isa = XCBuildConfiguration;
			baseConfigurationReference = E851D60405F0F6192D5968E0 /* Pods-gars-ios.debug.xcconfig */;
			buildSettings = {
				CLANG_ENABLE_MODULES = YES;
				CODE_SIGN_STYLE = Manual;
				CURRENT_PROJECT_VERSION = 1;
				DEFINES_MODULE = YES;
				DEVELOPMENT_TEAM = "";
				DYLIB_COMPATIBILITY_VERSION = 1;
				DYLIB_CURRENT_VERSION = 1;
				DYLIB_INSTALL_NAME_BASE = "@rpath";
				GENERATE_INFOPLIST_FILE = YES;
				INFOPLIST_KEY_NSHumanReadableCopyright = "";
				INSTALL_PATH = "$(LOCAL_LIBRARY_DIR)/Frameworks";
				LD_RUNPATH_SEARCH_PATHS = (
					"$(inherited)",
					"@executable_path/Frameworks",
					"@loader_path/Frameworks",
				);
				MARKETING_VERSION = 1.0;
				PRODUCT_BUNDLE_IDENTIFIER = mil.nga.gars;
				PRODUCT_NAME = "$(TARGET_NAME:c99extidentifier)";
				PROVISIONING_PROFILE_SPECIFIER = "";
				"PROVISIONING_PROFILE_SPECIFIER[sdk=macosx*]" = "";
				SKIP_INSTALL = YES;
				SWIFT_EMIT_LOC_STRINGS = YES;
				SWIFT_OPTIMIZATION_LEVEL = "-Onone";
				SWIFT_VERSION = 5.0;
				TARGETED_DEVICE_FAMILY = "1,2";
			};
			name = Debug;
		};
		042820012899BD7F00026382 /* Release */ = {
			isa = XCBuildConfiguration;
			baseConfigurationReference = 3295100FC695C71079321C28 /* Pods-gars-ios.release.xcconfig */;
			buildSettings = {
				CLANG_ENABLE_MODULES = YES;
				CODE_SIGN_STYLE = Manual;
				CURRENT_PROJECT_VERSION = 1;
				DEFINES_MODULE = YES;
				DEVELOPMENT_TEAM = "";
				DYLIB_COMPATIBILITY_VERSION = 1;
				DYLIB_CURRENT_VERSION = 1;
				DYLIB_INSTALL_NAME_BASE = "@rpath";
				GENERATE_INFOPLIST_FILE = YES;
				INFOPLIST_KEY_NSHumanReadableCopyright = "";
				INSTALL_PATH = "$(LOCAL_LIBRARY_DIR)/Frameworks";
				LD_RUNPATH_SEARCH_PATHS = (
					"$(inherited)",
					"@executable_path/Frameworks",
					"@loader_path/Frameworks",
				);
				MARKETING_VERSION = 1.0;
				PRODUCT_BUNDLE_IDENTIFIER = mil.nga.gars;
				PRODUCT_NAME = "$(TARGET_NAME:c99extidentifier)";
				PROVISIONING_PROFILE_SPECIFIER = "";
				"PROVISIONING_PROFILE_SPECIFIER[sdk=macosx*]" = "";
				SKIP_INSTALL = YES;
				SWIFT_EMIT_LOC_STRINGS = YES;
				SWIFT_VERSION = 5.0;
				TARGETED_DEVICE_FAMILY = "1,2";
			};
			name = Release;
		};
		042820032899BD7F00026382 /* Debug */ = {
			isa = XCBuildConfiguration;
			baseConfigurationReference = 43F6D866DB2D2299E81BE1D4 /* Pods-gars-ios-gars-iosTests.debug.xcconfig */;
			buildSettings = {
				CLANG_ENABLE_MODULES = YES;
				CODE_SIGN_STYLE = Automatic;
				CURRENT_PROJECT_VERSION = 1;
				GENERATE_INFOPLIST_FILE = YES;
				LD_RUNPATH_SEARCH_PATHS = (
					"$(inherited)",
					"@executable_path/Frameworks",
					"@loader_path/Frameworks",
				);
				MARKETING_VERSION = 1.0;
				PRODUCT_BUNDLE_IDENTIFIER = "mil.nga.gars-iosTests";
				PRODUCT_NAME = "$(TARGET_NAME)";
				SWIFT_EMIT_LOC_STRINGS = NO;
				SWIFT_OPTIMIZATION_LEVEL = "-Onone";
				SWIFT_VERSION = 5.0;
				TARGETED_DEVICE_FAMILY = "1,2";
			};
			name = Debug;
		};
		042820042899BD7F00026382 /* Release */ = {
			isa = XCBuildConfiguration;
			baseConfigurationReference = 4E9E5249E3C73D594F06BCAF /* Pods-gars-ios-gars-iosTests.release.xcconfig */;
			buildSettings = {
				CLANG_ENABLE_MODULES = YES;
				CODE_SIGN_STYLE = Automatic;
				CURRENT_PROJECT_VERSION = 1;
				GENERATE_INFOPLIST_FILE = YES;
				LD_RUNPATH_SEARCH_PATHS = (
					"$(inherited)",
					"@executable_path/Frameworks",
					"@loader_path/Frameworks",
				);
				MARKETING_VERSION = 1.0;
				PRODUCT_BUNDLE_IDENTIFIER = "mil.nga.gars-iosTests";
				PRODUCT_NAME = "$(TARGET_NAME)";
				SWIFT_EMIT_LOC_STRINGS = NO;
				SWIFT_VERSION = 5.0;
				TARGETED_DEVICE_FAMILY = "1,2";
			};
			name = Release;
		};
/* End XCBuildConfiguration section */

/* Begin XCConfigurationList section */
		04281FE72899BD7F00026382 /* Build configuration list for PBXProject "gars-ios" */ = {
			isa = XCConfigurationList;
			buildConfigurations = (
				04281FFD2899BD7F00026382 /* Debug */,
				04281FFE2899BD7F00026382 /* Release */,
			);
			defaultConfigurationIsVisible = 0;
			defaultConfigurationName = Release;
		};
		04281FFF2899BD7F00026382 /* Build configuration list for PBXNativeTarget "gars-ios" */ = {
			isa = XCConfigurationList;
			buildConfigurations = (
				042820002899BD7F00026382 /* Debug */,
				042820012899BD7F00026382 /* Release */,
			);
			defaultConfigurationIsVisible = 0;
			defaultConfigurationName = Release;
		};
		042820022899BD7F00026382 /* Build configuration list for PBXNativeTarget "gars-iosTests" */ = {
			isa = XCConfigurationList;
			buildConfigurations = (
				042820032899BD7F00026382 /* Debug */,
				042820042899BD7F00026382 /* Release */,
			);
			defaultConfigurationIsVisible = 0;
			defaultConfigurationName = Release;
		};
/* End XCConfigurationList section */
	};
	rootObject = 04281FE42899BD7F00026382 /* Project object */;
}
